# THIS IS AN AUTOGENERATED FILE. DO NOT EDIT THIS FILE DIRECTLY.
# yarn lockfile v1


webextension-polyfill@^0.4.0:
  version "0.4.0"
  resolved "https://registry.yarnpkg.com/webextension-polyfill/-/webextension-polyfill-0.4.0.tgz#9cc5a60f0f2bf907a6b349fdd7e61701f54956f9"
  integrity sha512-oreMp+EoAo1pzRMigx4jB5jInIpx6NTCySPSjGyLLee/dCIPiRqowCEfbFP8o20wz9SOtNwSsfkaJ9D/tRgpag==
