{
  "dependencies": {
    "file-type": {
      "version": "7.4.0",
      "from": "file-type@>=7.4.0 <7.5.0",
      "resolved": "https://registry.npmjs.org/file-type/-/file-type-7.4.0.tgz"
    },
    "html-comment-regex": {
      "version": "1.1.1",
      "from": "html-comment-regex@>=1.1.0 <2.0.0",
      "resolved": "https://registry.npmjs.org/html-comment-regex/-/html-comment-regex-1.1.1.tgz"
    },
    "is-svg": {
      "version": "2.1.0",
      "from": "is-svg@>=2.1.0 <2.2.0",
      "resolved": "https://registry.npmjs.org/is-svg/-/is-svg-2.1.0.tgz"
    },
    "pify": {
      "version": "3.0.0",
      "from": "pify@>=3.0.0 <4.0.0",
      "resolved": "https://registry.npmjs.org/pify/-/pify-3.0.0.tgz"
    },
    "read-chunk": {
      "version": "2.1.0",
      "from": "read-chunk@>=2.1.0 <2.2.0",
      "resolved": "https://registry.npmjs.org/read-chunk/-/read-chunk-2.1.0.tgz"
    },
    "safe-buffer": {
      "version": "5.1.2",
      "from": "safe-buffer@>=5.1.1 <6.0.0",
      "resolved": "https://registry.npmjs.org/safe-buffer/-/safe-buffer-5.1.2.tgz"
    }
  }
}
