# THIS IS AN AUTOGENERATED FILE. DO NOT EDIT THIS FILE DIRECTLY.
# yarn lockfile v1


file-type@7.4.*:
  version "7.4.0"
  resolved "https://registry.yarnpkg.com/file-type/-/file-type-7.4.0.tgz#2a7c94f62a0030150bb7d9b6c70cfa1d3e759c86"

html-comment-regex@^1.1.0:
  version "1.1.1"
  resolved "https://registry.yarnpkg.com/html-comment-regex/-/html-comment-regex-1.1.1.tgz#668b93776eaae55ebde8f3ad464b307a4963625e"

is-svg@2.1.*:
  version "2.1.0"
  resolved "https://registry.yarnpkg.com/is-svg/-/is-svg-2.1.0.tgz#cf61090da0d9efbcab8722deba6f032208dbb0e9"
  dependencies:
    html-comment-regex "^1.1.0"

pify@^3.0.0:
  version "3.0.0"
  resolved "https://registry.yarnpkg.com/pify/-/pify-3.0.0.tgz#e5a4acd2c101fdf3d9a4d07f0dbc4db49dd28176"

read-chunk@2.1.*:
  version "2.1.0"
  resolved "https://registry.yarnpkg.com/read-chunk/-/read-chunk-2.1.0.tgz#6a04c0928005ed9d42e1a6ac5600e19cbc7ff655"
  dependencies:
    pify "^3.0.0"
    safe-buffer "^5.1.1"

safe-buffer@^5.1.1:
  version "5.1.1"
  resolved "https://registry.yarnpkg.com/safe-buffer/-/safe-buffer-5.1.1.tgz#893312af69b2123def71f57889001671eeb2c853"
