# THIS IS AN AUTOGENERATED FILE. DO NOT EDIT THIS FILE DIRECTLY.
# yarn lockfile v1


file-type@3.8.*:
  version "3.8.0"
  resolved "https://registry.yarnpkg.com/file-type/-/file-type-3.8.0.tgz#bcadf6a8f624ebe4a10e5ad26727b6b93f16d78d"

html-comment-regex@^1.1.0:
  version "1.1.1"
  resolved "https://registry.yarnpkg.com/html-comment-regex/-/html-comment-regex-1.1.1.tgz#668b93776eaae55ebde8f3ad464b307a4963625e"

is-svg@2.0.*:
  version "2.0.1"
  resolved "https://registry.yarnpkg.com/is-svg/-/is-svg-2.0.1.tgz#f93ab3bf1d6bbca30e9753cd3485b1300eebc013"
  dependencies:
    html-comment-regex "^1.1.0"

pify@^2.3.0:
  version "2.3.0"
  resolved "https://registry.yarnpkg.com/pify/-/pify-2.3.0.tgz#ed141a6ac043a849ea588498e7dca8b15330e90c"

read-chunk@2.0.*:
  version "2.0.0"
  resolved "https://registry.yarnpkg.com/read-chunk/-/read-chunk-2.0.0.tgz#3246e877829116cec059674c4d5f300f7a9261f3"
  dependencies:
    pify "^2.3.0"
